{
  "dynago": 1,
  "format": 2,
  "generation": 1,
  "tables": [
    {
      "generation": 1,
      "spec": {
        "gsis": [
          {
            "name": "Known",
            "pk": "KnownPK",
            "sk": "KnownSK",
            "projection": "INCLUDE",
            "non_key_attributes": [
              "_t",
              "_v",
              "depotId",
              "parcelId"
            ]
          }
        ]
      }
    }
  ],
  "entities": {
    "Account": {
      "versions": [
        {
          "version": 1,
          "generation": 1,
          "fingerprint": "7d7bb978391acab2",
          "shape": {
            "fields": [
              {
                "name": "tenantId",
                "attr": "tenantId",
                "type": "string"
              },
              {
                "name": "accountId",
                "attr": "accountId",
                "type": "string"
              },
              {
                "name": "region",
                "attr": "region",
                "type": "string"
              },
              {
                "name": "status",
                "attr": "status",
                "type": "enum",
                "values": [
                  "pending",
                  "active",
                  "closed"
                ]
              },
              {
                "name": "successorId",
                "attr": "successorId",
                "type": "string"
              }
            ],
            "pk": "T#{tenantId}",
            "sk": "ACCOUNT#{accountId}",
            "counters": [
              {
                "name": "TenantCounts",
                "pk": "T#{tenantId}",
                "sk": "COUNTS",
                "shards": 1,
                "values": [
                  {
                    "name": "active",
                    "where": [
                      "status=active"
                    ]
                  },
                  {
                    "name": "closed",
                    "where": [
                      "status=closed"
                    ]
                  }
                ]
              },
              {
                "name": "RegionCounts",
                "pk": "R#{region}",
                "sk": "COUNTS",
                "shards": 1,
                "values": [
                  {
                    "name": "active",
                    "where": [
                      "status=active"
                    ]
                  }
                ]
              }
            ]
          }
        }
      ]
    },
    "Damage": {
      "versions": [
        {
          "version": 1,
          "generation": 1,
          "fingerprint": "2a60b0223bd33295",
          "shape": {
            "fields": [
              {
                "name": "depotId",
                "attr": "depotId",
                "type": "string"
              },
              {
                "name": "parcelId",
                "attr": "parcelId",
                "type": "string"
              },
              {
                "name": "damageId",
                "attr": "damageId",
                "type": "string"
              },
              {
                "name": "detail",
                "attr": "detail",
                "type": "string"
              },
              {
                "name": "fragile",
                "attr": "fragile",
                "type": "bool"
              }
            ],
            "pk": "D#{depotId}",
            "sk": "DAMAGE#{parcelId}#{damageId}",
            "counters": [
              {
                "name": "ParcelDamages",
                "pk": "D#{depotId}",
                "sk": "DAMAGED#{parcelId}",
                "shards": 1,
                "values": [
                  {
                    "name": "reports"
                  }
                ]
              }
            ]
          }
        }
      ]
    },
    "Parcel": {
      "versions": [
        {
          "version": 1,
          "generation": 1,
          "fingerprint": "c31d8207e05c0886",
          "shape": {
            "fields": [
              {
                "name": "depotId",
                "attr": "depotId",
                "type": "string"
              },
              {
                "name": "parcelId",
                "attr": "parcelId",
                "type": "string"
              },
              {
                "name": "state",
                "attr": "state",
                "type": "enum",
                "values": [
                  "received",
                  "shelved",
                  "out",
                  "returned",
                  "lost"
                ]
              },
              {
                "name": "note",
                "attr": "note",
                "type": "string"
              },
              {
                "name": "fragile",
                "attr": "fragile",
                "type": "bool"
              },
              {
                "name": "damages",
                "attr": "damages",
                "type": "int"
              },
              {
                "name": "disputes",
                "attr": "disputes",
                "type": "int"
              },
              {
                "name": "lastDispute",
                "attr": "lastDispute",
                "type": "string"
              }
            ],
            "pk": "D#{depotId}",
            "sk": "PARCEL#{parcelId}",
            "indexes": [
              {
                "name": "OnSite",
                "strategy": "copy",
                "pk": "D#{depotId}#ONSITE",
                "sk": "P#{parcelId}",
                "projection": "include",
                "project": [
                  "state",
                  "damages"
                ],
                "where": [
                  "state in [received shelved returned]"
                ]
              },
              {
                "name": "Known",
                "strategy": "gsi",
                "pk": "KNOWN#{depotId}",
                "sk": "P#{parcelId}",
                "projection": "keys",
                "where": [
                  "state!=lost"
                ]
              }
            ],
            "counters": [
              {
                "name": "DepotParcels",
                "pk": "D#{depotId}",
                "sk": "COUNTS",
                "shards": 1,
                "values": [
                  {
                    "name": "onSite",
                    "where": [
                      "state in [received shelved returned]"
                    ]
                  },
                  {
                    "name": "known",
                    "where": [
                      "state!=lost"
                    ]
                  }
                ]
              },
              {
                "name": "StateCounts",
                "pk": "D#{depotId}",
                "sk": "STATE#{state}",
                "shards": 1,
                "values": [
                  {
                    "name": "parcels"
                  }
                ]
              }
            ]
          }
        }
      ]
    }
  }
}
